
Microsoft Visual Studio Solution File, Format Version 12.00
# Visual Studio 15
VisualStudioVersion = 15.0.27703.2026
MinimumVisualStudioVersion = 10.0.40219.1
Project("{FAE04EC0-301F-11D3-BF4B-00C04F79EFBC}") = "P01_HospitalDatabase", "P01_HospitalDatabase\P01_HospitalDatabase.csproj", "{68986FD5-DCF6-45E6-B16F-2EB80D6D1A58}"
EndProject
Project("{FAE04EC0-301F-11D3-BF4B-00C04F79EFBC}") = "P03_SalesDatabase", "P03_SalesDatabase\P03_SalesDatabase.csproj", "{C64EB042-B433-4E06-8891-F110F4E804CC}"
EndProject
Global
	GlobalSection(SolutionConfigurationPlatforms) = preSolution
		Debug|Any CPU = Debug|Any CPU
		Release|Any CPU = Release|Any CPU
	EndGlobalSection
	GlobalSection(ProjectConfigurationPlatforms) = postSolution
		{68986FD5-DCF6-45E6-B16F-2EB80D6D1A58}.Debug|Any CPU.ActiveCfg = Debug|Any CPU
		{68986FD5-DCF6-45E6-B16F-2EB80D6D1A58}.Debug|Any CPU.Build.0 = Debug|Any CPU
		{68986FD5-DCF6-45E6-B16F-2EB80D6D1A58}.Release|Any CPU.ActiveCfg = Release|Any CPU
		{68986FD5-DCF6-45E6-B16F-2EB80D6D1A58}.Release|Any CPU.Build.0 = Release|Any CPU
		{C64EB042-B433-4E06-8891-F110F4E804CC}.Debug|Any CPU.ActiveCfg = Debug|Any CPU
		{C64EB042-B433-4E06-8891-F110F4E804CC}.Debug|Any CPU.Build.0 = Debug|Any CPU
		{C64EB042-B433-4E06-8891-F110F4E804CC}.Release|Any CPU.ActiveCfg = Release|Any CPU
		{C64EB042-B433-4E06-8891-F110F4E804CC}.Release|Any CPU.Build.0 = Release|Any CPU
	EndGlobalSection
	GlobalSection(SolutionProperties) = preSolution
		HideSolutionNode = FALSE
	EndGlobalSection
	GlobalSection(ExtensibilityGlobals) = postSolution
		SolutionGuid = {2D5B89BC-C2A5-4964-83E0-CDD2F379D1F0}
	EndGlobalSection
EndGlobal
