
Microsoft Visual Studio Solution File, Format Version 12.00
# Visual Studio 15
VisualStudioVersion = 15.0.27703.2042
MinimumVisualStudioVersion = 10.0.40219.1
Project("{9A19103F-16F7-4668-BE54-9A1E7A4F7556}") = "CarDealership", "CarDealership\CarDealership.csproj", "{A8B5DEAF-2375-47E8-9F39-D2E0E5336AE4}"
EndProject
Project("{9A19103F-16F7-4668-BE54-9A1E7A4F7556}") = "CarDealership.Data", "CarDealership.Data\CarDealership.Data.csproj", "{15DA9FBD-35D2-4577-8253-206F230AEF9F}"
EndProject
Project("{9A19103F-16F7-4668-BE54-9A1E7A4F7556}") = "CarDealership.Models", "CarDealership.Models\CarDealership.Models.csproj", "{0A6531CA-8846-4BEE-A52A-C5B03B677C7D}"
EndProject
Project("{FAE04EC0-301F-11D3-BF4B-00C04F79EFBC}") = "CarDealership.DataProcessor", "CarDealership.DataProcessor\CarDealership.DataProcessor.csproj", "{BE2AE1D3-4A4D-4702-9E2B-33B40B9B4D99}"
EndProject
Global
	GlobalSection(SolutionConfigurationPlatforms) = preSolution
		Debug|Any CPU = Debug|Any CPU
		Release|Any CPU = Release|Any CPU
	EndGlobalSection
	GlobalSection(ProjectConfigurationPlatforms) = postSolution
		{A8B5DEAF-2375-47E8-9F39-D2E0E5336AE4}.Debug|Any CPU.ActiveCfg = Debug|Any CPU
		{A8B5DEAF-2375-47E8-9F39-D2E0E5336AE4}.Debug|Any CPU.Build.0 = Debug|Any CPU
		{A8B5DEAF-2375-47E8-9F39-D2E0E5336AE4}.Release|Any CPU.ActiveCfg = Release|Any CPU
		{A8B5DEAF-2375-47E8-9F39-D2E0E5336AE4}.Release|Any CPU.Build.0 = Release|Any CPU
		{15DA9FBD-35D2-4577-8253-206F230AEF9F}.Debug|Any CPU.ActiveCfg = Debug|Any CPU
		{15DA9FBD-35D2-4577-8253-206F230AEF9F}.Debug|Any CPU.Build.0 = Debug|Any CPU
		{15DA9FBD-35D2-4577-8253-206F230AEF9F}.Release|Any CPU.ActiveCfg = Release|Any CPU
		{15DA9FBD-35D2-4577-8253-206F230AEF9F}.Release|Any CPU.Build.0 = Release|Any CPU
		{0A6531CA-8846-4BEE-A52A-C5B03B677C7D}.Debug|Any CPU.ActiveCfg = Debug|Any CPU
		{0A6531CA-8846-4BEE-A52A-C5B03B677C7D}.Debug|Any CPU.Build.0 = Debug|Any CPU
		{0A6531CA-8846-4BEE-A52A-C5B03B677C7D}.Release|Any CPU.ActiveCfg = Release|Any CPU
		{0A6531CA-8846-4BEE-A52A-C5B03B677C7D}.Release|Any CPU.Build.0 = Release|Any CPU
		{BE2AE1D3-4A4D-4702-9E2B-33B40B9B4D99}.Debug|Any CPU.ActiveCfg = Debug|Any CPU
		{BE2AE1D3-4A4D-4702-9E2B-33B40B9B4D99}.Debug|Any CPU.Build.0 = Debug|Any CPU
		{BE2AE1D3-4A4D-4702-9E2B-33B40B9B4D99}.Release|Any CPU.ActiveCfg = Release|Any CPU
		{BE2AE1D3-4A4D-4702-9E2B-33B40B9B4D99}.Release|Any CPU.Build.0 = Release|Any CPU
	EndGlobalSection
	GlobalSection(SolutionProperties) = preSolution
		HideSolutionNode = FALSE
	EndGlobalSection
	GlobalSection(ExtensibilityGlobals) = postSolution
		SolutionGuid = {43FA5D67-44DF-4A47-9862-8E8D40FC4F8D}
	EndGlobalSection
EndGlobal
