
Microsoft Visual Studio Solution File, Format Version 12.00
# Visual Studio 15
VisualStudioVersion = 15.0.27703.2035
MinimumVisualStudioVersion = 10.0.40219.1
Project("{FAE04EC0-301F-11D3-BF4B-00C04F79EFBC}") = "Employees.App", "Employees.App\Employees.App.csproj", "{26AD5C9B-B2A5-4ECE-9DF4-3B5E648B9072}"
EndProject
Project("{FAE04EC0-301F-11D3-BF4B-00C04F79EFBC}") = "Employees.Data", "Employees.Data\Employees.Data.csproj", "{0B32F8C3-6A6C-4BCD-A2C6-85B067CC07B9}"
EndProject
Project("{FAE04EC0-301F-11D3-BF4B-00C04F79EFBC}") = "Employees.Services", "Employees.Services\Employees.Services.csproj", "{7487344C-14D5-4625-AB48-E0AE5FA935B9}"
EndProject
Project("{FAE04EC0-301F-11D3-BF4B-00C04F79EFBC}") = "Employees.Models", "Employees.Models\Employees.Models.csproj", "{1BB0123D-AA11-4A66-9CD4-A7D7FE8416E1}"
EndProject
Project("{FAE04EC0-301F-11D3-BF4B-00C04F79EFBC}") = "Employees.DtoModels", "Employees.DtoModels\Employees.DtoModels.csproj", "{E195EB5F-958F-4249-AE9D-DB9B87CCF57F}"
EndProject
Global
	GlobalSection(SolutionConfigurationPlatforms) = preSolution
		Debug|Any CPU = Debug|Any CPU
		Release|Any CPU = Release|Any CPU
	EndGlobalSection
	GlobalSection(ProjectConfigurationPlatforms) = postSolution
		{26AD5C9B-B2A5-4ECE-9DF4-3B5E648B9072}.Debug|Any CPU.ActiveCfg = Debug|Any CPU
		{26AD5C9B-B2A5-4ECE-9DF4-3B5E648B9072}.Debug|Any CPU.Build.0 = Debug|Any CPU
		{26AD5C9B-B2A5-4ECE-9DF4-3B5E648B9072}.Release|Any CPU.ActiveCfg = Release|Any CPU
		{26AD5C9B-B2A5-4ECE-9DF4-3B5E648B9072}.Release|Any CPU.Build.0 = Release|Any CPU
		{0B32F8C3-6A6C-4BCD-A2C6-85B067CC07B9}.Debug|Any CPU.ActiveCfg = Debug|Any CPU
		{0B32F8C3-6A6C-4BCD-A2C6-85B067CC07B9}.Debug|Any CPU.Build.0 = Debug|Any CPU
		{0B32F8C3-6A6C-4BCD-A2C6-85B067CC07B9}.Release|Any CPU.ActiveCfg = Release|Any CPU
		{0B32F8C3-6A6C-4BCD-A2C6-85B067CC07B9}.Release|Any CPU.Build.0 = Release|Any CPU
		{7487344C-14D5-4625-AB48-E0AE5FA935B9}.Debug|Any CPU.ActiveCfg = Debug|Any CPU
		{7487344C-14D5-4625-AB48-E0AE5FA935B9}.Debug|Any CPU.Build.0 = Debug|Any CPU
		{7487344C-14D5-4625-AB48-E0AE5FA935B9}.Release|Any CPU.ActiveCfg = Release|Any CPU
		{7487344C-14D5-4625-AB48-E0AE5FA935B9}.Release|Any CPU.Build.0 = Release|Any CPU
		{1BB0123D-AA11-4A66-9CD4-A7D7FE8416E1}.Debug|Any CPU.ActiveCfg = Debug|Any CPU
		{1BB0123D-AA11-4A66-9CD4-A7D7FE8416E1}.Debug|Any CPU.Build.0 = Debug|Any CPU
		{1BB0123D-AA11-4A66-9CD4-A7D7FE8416E1}.Release|Any CPU.ActiveCfg = Release|Any CPU
		{1BB0123D-AA11-4A66-9CD4-A7D7FE8416E1}.Release|Any CPU.Build.0 = Release|Any CPU
		{E195EB5F-958F-4249-AE9D-DB9B87CCF57F}.Debug|Any CPU.ActiveCfg = Debug|Any CPU
		{E195EB5F-958F-4249-AE9D-DB9B87CCF57F}.Debug|Any CPU.Build.0 = Debug|Any CPU
		{E195EB5F-958F-4249-AE9D-DB9B87CCF57F}.Release|Any CPU.ActiveCfg = Release|Any CPU
		{E195EB5F-958F-4249-AE9D-DB9B87CCF57F}.Release|Any CPU.Build.0 = Release|Any CPU
	EndGlobalSection
	GlobalSection(SolutionProperties) = preSolution
		HideSolutionNode = FALSE
	EndGlobalSection
	GlobalSection(ExtensibilityGlobals) = postSolution
		SolutionGuid = {4AE6A4F6-EFF2-496D-B9F0-A5F4454704A3}
	EndGlobalSection
EndGlobal
